// !$*UTF8*$!
{
	archiveVersion = 1;
	classes = {
	};
	objectVersion = 50;
	objects = {

/* Begin PBXBuildFile section */
		8D7A91E324E2A886008700BE /* AppDelegate.swift in Sources */ = {isa = PBXBuildFile; fileRef = 8D7A91E224E2A886008700BE /* AppDelegate.swift */; };
		8D7A91E524E2A886008700BE /* SceneDelegate.swift in Sources */ = {isa = PBXBuildFile; fileRef = 8D7A91E424E2A886008700BE /* SceneDelegate.swift */; };
		8D7A91E824E2A886008700BE /* Tutorial_DragSwipeCard.xcdatamodeld in Sources */ = {isa = PBXBuildFile; fileRef = 8D7A91E624E2A886008700BE /* Tutorial_DragSwipeCard.xcdatamodeld */; };
		8D7A91EA24E2A886008700BE /* ContentView.swift in Sources */ = {isa = PBXBuildFile; fileRef = 8D7A91E924E2A886008700BE /* ContentView.swift */; };
		8D7A91EC24E2A888008700BE /* Assets.xcassets in Resources */ = {isa = PBXBuildFile; fileRef = 8D7A91EB24E2A888008700BE /* Assets.xcassets */; };
		8D7A91EF24E2A888008700BE /* Preview Assets.xcassets in Resources */ = {isa = PBXBuildFile; fileRef = 8D7A91EE24E2A888008700BE /* Preview Assets.xcassets */; };
		8D7A91F224E2A888008700BE /* LaunchScreen.storyboard in Resources */ = {isa = PBXBuildFile; fileRef = 8D7A91F024E2A888008700BE /* LaunchScreen.storyboard */; };
/* End PBXBuildFile section */

/* Begin PBXFileReference section */
		8D7A91DF24E2A886008700BE /* Tutorial-DragSwipeCard.app */ = {isa = PBXFileReference; explicitFileType = wrapper.application; includeInIndex = 0; path = "Tutorial-DragSwipeCard.app"; sourceTree = BUILT_PRODUCTS_DIR; };
		8D7A91E224E2A886008700BE /* AppDelegate.swift */ = {isa = PBXFileReference; lastKnownFileType = sourcecode.swift; path = AppDelegate.swift; sourceTree = "<group>"; };
		8D7A91E424E2A886008700BE /* SceneDelegate.swift */ = {isa = PBXFileReference; lastKnownFileType = sourcecode.swift; path = SceneDelegate.swift; sourceTree = "<group>"; };
		8D7A91E724E2A886008700BE /* Tutorial_DragSwipeCard.xcdatamodel */ = {isa = PBXFileReference; lastKnownFileType = wrapper.xcdatamodel; path = Tutorial_DragSwipeCard.xcdatamodel; sourceTree = "<group>"; };
		8D7A91E924E2A886008700BE /* ContentView.swift */ = {isa = PBXFileReference; lastKnownFileType = sourcecode.swift; path = ContentView.swift; sourceTree = "<group>"; };
		8D7A91EB24E2A888008700BE /* Assets.xcassets */ = {isa = PBXFileReference; lastKnownFileType = folder.assetcatalog; path = Assets.xcassets; sourceTree = "<group>"; };
		8D7A91EE24E2A888008700BE /* Preview Assets.xcassets */ = {isa = PBXFileReference; lastKnownFileType = folder.assetcatalog; path = "Preview Assets.xcassets"; sourceTree = "<group>"; };
		8D7A91F124E2A888008700BE /* Base */ = {isa = PBXFileReference; lastKnownFileType = file.storyboard; name = Base; path = Base.lproj/LaunchScreen.storyboard; sourceTree = "<group>"; };
		8D7A91F324E2A888008700BE /* Info.plist */ = {isa = PBXFileReference; lastKnownFileType = text.plist.xml; path = Info.plist; sourceTree = "<group>"; };
/* End PBXFileReference section */

/* Begin PBXFrameworksBuildPhase section */
		8D7A91DC24E2A886008700BE /* Frameworks */ = {
			isa = PBXFrameworksBuildPhase;
			buildActionMask = 2147483647;
			files = (
			);
			runOnlyForDeploymentPostprocessing = 0;
		};
/* End PBXFrameworksBuildPhase section */

/* Begin PBXGroup section */
		8D7A91D624E2A886008700BE = {
			isa = PBXGroup;
			children = (
				8D7A91E124E2A886008700BE /* Tutorial-DragSwipeCard */,
				8D7A91E024E2A886008700BE /* Products */,
			);
			sourceTree = "<group>";
		};
		8D7A91E024E2A886008700BE /* Products */ = {
			isa = PBXGroup;
			children = (
				8D7A91DF24E2A886008700BE /* Tutorial-DragSwipeCard.app */,
			);
			name = Products;
			sourceTree = "<group>";
		};
		8D7A91E124E2A886008700BE /* Tutorial-DragSwipeCard */ = {
			isa = PBXGroup;
			children = (
				8D7A91E224E2A886008700BE /* AppDelegate.swift */,
				8D7A91E424E2A886008700BE /* SceneDelegate.swift */,
				8D7A91E924E2A886008700BE /* ContentView.swift */,
				8D7A91EB24E2A888008700BE /* Assets.xcassets */,
				8D7A91F024E2A888008700BE /* LaunchScreen.storyboard */,
				8D7A91F324E2A888008700BE /* Info.plist */,
				8D7A91E624E2A886008700BE /* Tutorial_DragSwipeCard.xcdatamodeld */,
				8D7A91ED24E2A888008700BE /* Preview Content */,
			);
			path = "Tutorial-DragSwipeCard";
			sourceTree = "<group>";
		};
		8D7A91ED24E2A888008700BE /* Preview Content */ = {
			isa = PBXGroup;
			children = (
				8D7A91EE24E2A888008700BE /* Preview Assets.xcassets */,
			);
			path = "Preview Content";
			sourceTree = "<group>";
		};
/* End PBXGroup section */

/* Begin PBXNativeTarget section */
		8D7A91DE24E2A886008700BE /* Tutorial-DragSwipeCard */ = {
			isa = PBXNativeTarget;
			buildConfigurationList = 8D7A91F624E2A888008700BE /* Build configuration list for PBXNativeTarget "Tutorial-DragSwipeCard" */;
			buildPhases = (
				8D7A91DB24E2A886008700BE /* Sources */,
				8D7A91DC24E2A886008700BE /* Frameworks */,
				8D7A91DD24E2A886008700BE /* Resources */,
			);
			buildRules = (
			);
			dependencies = (
			);
			name = "Tutorial-DragSwipeCard";
			productName = "Tutorial-DragSwipeCard";
			productReference = 8D7A91DF24E2A886008700BE /* Tutorial-DragSwipeCard.app */;
			productType = "com.apple.product-type.application";
		};
/* End PBXNativeTarget section */

/* Begin PBXProject section */
		8D7A91D724E2A886008700BE /* Project object */ = {
			isa = PBXProject;
			attributes = {
				LastSwiftUpdateCheck = 1160;
				LastUpgradeCheck = 1160;
				ORGANIZATIONNAME = "Arie May Wibowo";
				TargetAttributes = {
					8D7A91DE24E2A886008700BE = {
						CreatedOnToolsVersion = 11.6;
					};
				};
			};
			buildConfigurationList = 8D7A91DA24E2A886008700BE /* Build configuration list for PBXProject "Tutorial-DragSwipeCard" */;
			compatibilityVersion = "Xcode 9.3";
			developmentRegion = en;
			hasScannedForEncodings = 0;
			knownRegions = (
				en,
				Base,
			);
			mainGroup = 8D7A91D624E2A886008700BE;
			productRefGroup = 8D7A91E024E2A886008700BE /* Products */;
			projectDirPath = "";
			projectRoot = "";
			targets = (
				8D7A91DE24E2A886008700BE /* Tutorial-DragSwipeCard */,
			);
		};
/* End PBXProject section */

/* Begin PBXResourcesBuildPhase section */
		8D7A91DD24E2A886008700BE /* Resources */ = {
			isa = PBXResourcesBuildPhase;
			buildActionMask = 2147483647;
			files = (
				8D7A91F224E2A888008700BE /* LaunchScreen.storyboard in Resources */,
				8D7A91EF24E2A888008700BE /* Preview Assets.xcassets in Resources */,
				8D7A91EC24E2A888008700BE /* Assets.xcassets in Resources */,
			);
			runOnlyForDeploymentPostprocessing = 0;
		};
/* End PBXResourcesBuildPhase section */

/* Begin PBXSourcesBuildPhase section */
		8D7A91DB24E2A886008700BE /* Sources */ = {
			isa = PBXSourcesBuildPhase;
			buildActionMask = 2147483647;
			files = (
				8D7A91E324E2A886008700BE /* AppDelegate.swift in Sources */,
				8D7A91E824E2A886008700BE /* Tutorial_DragSwipeCard.xcdatamodeld in Sources */,
				8D7A91EA24E2A886008700BE /* ContentView.swift in Sources */,
				8D7A91E524E2A886008700BE /* SceneDelegate.swift in Sources */,
			);
			runOnlyForDeploymentPostprocessing = 0;
		};
/* End PBXSourcesBuildPhase section */

/* Begin PBXVariantGroup section */
		8D7A91F024E2A888008700BE /* LaunchScreen.storyboard */ = {
			isa = PBXVariantGroup;
			children = (
				8D7A91F124E2A888008700BE /* Base */,
			);
			name = LaunchScreen.storyboard;
			sourceTree = "<group>";
		};
/* End PBXVariantGroup section */

/* Begin XCBuildConfiguration section */
		8D7A91F424E2A888008700BE /* Debug */ = {
			isa = XCBuildConfiguration;
			buildSettings = {
				ALWAYS_SEARCH_USER_PATHS = NO;
				CLANG_ANALYZER_NONNULL = YES;
				CLANG_ANALYZER_NUMBER_OBJECT_CONVERSION = YES_AGGRESSIVE;
				CLANG_CXX_LANGUAGE_STANDARD = "gnu++14";
				CLANG_CXX_LIBRARY = "libc++";
				CLANG_ENABLE_MODULES = YES;
				CLANG_ENABLE_OBJC_ARC = YES;
				CLANG_ENABLE_OBJC_WEAK = YES;
				CLANG_WARN_BLOCK_CAPTURE_AUTORELEASING = YES;
				CLANG_WARN_BOOL_CONVERSION = YES;
				CLANG_WARN_COMMA = YES;
				CLANG_WARN_CONSTANT_CONVERSION = YES;
				CLANG_WARN_DEPRECATED_OBJC_IMPLEMENTATIONS = YES;
				CLANG_WARN_DIRECT_OBJC_ISA_USAGE = YES_ERROR;
				CLANG_WARN_DOCUMENTATION_COMMENTS = YES;
				CLANG_WARN_EMPTY_BODY = YES;
				CLANG_WARN_ENUM_CONVERSION = YES;
				CLANG_WARN_INFINITE_RECURSION = YES;
				CLANG_WARN_INT_CONVERSION = YES;
				CLANG_WARN_NON_LITERAL_NULL_CONVERSION = YES;
				CLANG_WARN_OBJC_IMPLICIT_RETAIN_SELF = YES;
				CLANG_WARN_OBJC_LITERAL_CONVERSION = YES;
				CLANG_WARN_OBJC_ROOT_CLASS = YES_ERROR;
				CLANG_WARN_RANGE_LOOP_ANALYSIS = YES;
				CLANG_WARN_STRICT_PROTOTYPES = YES;
				CLANG_WARN_SUSPICIOUS_MOVE = YES;
				CLANG_WARN_UNGUARDED_AVAILABILITY = YES_AGGRESSIVE;
				CLANG_WARN_UNREACHABLE_CODE = YES;
				CLANG_WARN__DUPLICATE_METHOD_MATCH = YES;
				COPY_PHASE_STRIP = NO;
				DEBUG_INFORMATION_FORMAT = dwarf;
				ENABLE_STRICT_OBJC_MSGSEND = YES;
				ENABLE_TESTABILITY = YES;
				GCC_C_LANGUAGE_STANDARD = gnu11;
				GCC_DYNAMIC_NO_PIC = NO;
				GCC_NO_COMMON_BLOCKS = YES;
				GCC_OPTIMIZATION_LEVEL = 0;
				GCC_PREPROCESSOR_DEFINITIONS = (
					"DEBUG=1",
					"$(inherited)",
				);
				GCC_WARN_64_TO_32_BIT_CONVERSION = YES;
				GCC_WARN_ABOUT_RETURN_TYPE = YES_ERROR;
				GCC_WARN_UNDECLARED_SELECTOR = YES;
				GCC_WARN_UNINITIALIZED_AUTOS = YES_AGGRESSIVE;
				GCC_WARN_UNUSED_FUNCTION = YES;
				GCC_WARN_UNUSED_VARIABLE = YES;
				IPHONEOS_DEPLOYMENT_TARGET = 13.6;
				MTL_ENABLE_DEBUG_INFO = INCLUDE_SOURCE;
				MTL_FAST_MATH = YES;
				ONLY_ACTIVE_ARCH = YES;
				SDKROOT = iphoneos;
				SWIFT_ACTIVE_COMPILATION_CONDITIONS = DEBUG;
				SWIFT_OPTIMIZATION_LEVEL = "-Onone";
			};
			name = Debug;
		};
		8D7A91F524E2A888008700BE /* Release */ = {
			isa = XCBuildConfiguration;
			buildSettings = {
				ALWAYS_SEARCH_USER_PATHS = NO;
				CLANG_ANALYZER_NONNULL = YES;
				CLANG_ANALYZER_NUMBER_OBJECT_CONVERSION = YES_AGGRESSIVE;
				CLANG_CXX_LANGUAGE_STANDARD = "gnu++14";
				CLANG_CXX_LIBRARY = "libc++";
				CLANG_ENABLE_MODULES = YES;
				CLANG_ENABLE_OBJC_ARC = YES;
				CLANG_ENABLE_OBJC_WEAK = YES;
				CLANG_WARN_BLOCK_CAPTURE_AUTORELEASING = YES;
				CLANG_WARN_BOOL_CONVERSION = YES;
				CLANG_WARN_COMMA = YES;
				CLANG_WARN_CONSTANT_CONVERSION = YES;
				CLANG_WARN_DEPRECATED_OBJC_IMPLEMENTATIONS = YES;
				CLANG_WARN_DIRECT_OBJC_ISA_USAGE = YES_ERROR;
				CLANG_WARN_DOCUMENTATION_COMMENTS = YES;
				CLANG_WARN_EMPTY_BODY = YES;
				CLANG_WARN_ENUM_CONVERSION = YES;
				CLANG_WARN_INFINITE_RECURSION = YES;
				CLANG_WARN_INT_CONVERSION = YES;
				CLANG_WARN_NON_LITERAL_NULL_CONVERSION = YES;
				CLANG_WARN_OBJC_IMPLICIT_RETAIN_SELF = YES;
				CLANG_WARN_OBJC_LITERAL_CONVERSION = YES;
				CLANG_WARN_OBJC_ROOT_CLASS = YES_ERROR;
				CLANG_WARN_RANGE_LOOP_ANALYSIS = YES;
				CLANG_WARN_STRICT_PROTOTYPES = YES;
				CLANG_WARN_SUSPICIOUS_MOVE = YES;
				CLANG_WARN_UNGUARDED_AVAILABILITY = YES_AGGRESSIVE;
				CLANG_WARN_UNREACHABLE_CODE = YES;
				CLANG_WARN__DUPLICATE_METHOD_MATCH = YES;
				COPY_PHASE_STRIP = NO;
				DEBUG_INFORMATION_FORMAT = "dwarf-with-dsym";
				ENABLE_NS_ASSERTIONS = NO;
				ENABLE_STRICT_OBJC_MSGSEND = YES;
				GCC_C_LANGUAGE_STANDARD = gnu11;
				GCC_NO_COMMON_BLOCKS = YES;
				GCC_WARN_64_TO_32_BIT_CONVERSION = YES;
				GCC_WARN_ABOUT_RETURN_TYPE = YES_ERROR;
				GCC_WARN_UNDECLARED_SELECTOR = YES;
				GCC_WARN_UNINITIALIZED_AUTOS = YES_AGGRESSIVE;
				GCC_WARN_UNUSED_FUNCTION = YES;
				GCC_WARN_UNUSED_VARIABLE = YES;
				IPHONEOS_DEPLOYMENT_TARGET = 13.6;
				MTL_ENABLE_DEBUG_INFO = NO;
				MTL_FAST_MATH = YES;
				SDKROOT = iphoneos;
				SWIFT_COMPILATION_MODE = wholemodule;
				SWIFT_OPTIMIZATION_LEVEL = "-O";
				VALIDATE_PRODUCT = YES;
			};
			name = Release;
		};
		8D7A91F724E2A888008700BE /* Debug */ = {
			isa = XCBuildConfiguration;
			buildSettings = {
				ASSETCATALOG_COMPILER_APPICON_NAME = AppIcon;
				CODE_SIGN_STYLE = Automatic;
				DEVELOPMENT_ASSET_PATHS = "\"Tutorial-DragSwipeCard/Preview Content\"";
				DEVELOPMENT_TEAM = 7QAVKC3WGP;
				ENABLE_PREVIEWS = YES;
				INFOPLIST_FILE = "Tutorial-DragSwipeCard/Info.plist";
				LD_RUNPATH_SEARCH_PATHS = (
					"$(inherited)",
					"@executable_path/Frameworks",
				);
				PRODUCT_BUNDLE_IDENTIFIER = "com.ariemay.Tutorial-DragSwipeCard";
				PRODUCT_NAME = "$(TARGET_NAME)";
				SWIFT_VERSION = 5.0;
				TARGETED_DEVICE_FAMILY = "1,2";
			};
			name = Debug;
		};
		8D7A91F824E2A888008700BE /* Release */ = {
			isa = XCBuildConfiguration;
			buildSettings = {
				ASSETCATALOG_COMPILER_APPICON_NAME = AppIcon;
				CODE_SIGN_STYLE = Automatic;
				DEVELOPMENT_ASSET_PATHS = "\"Tutorial-DragSwipeCard/Preview Content\"";
				DEVELOPMENT_TEAM = 7QAVKC3WGP;
				ENABLE_PREVIEWS = YES;
				INFOPLIST_FILE = "Tutorial-DragSwipeCard/Info.plist";
				LD_RUNPATH_SEARCH_PATHS = (
					"$(inherited)",
					"@executable_path/Frameworks",
				);
				PRODUCT_BUNDLE_IDENTIFIER = "com.ariemay.Tutorial-DragSwipeCard";
				PRODUCT_NAME = "$(TARGET_NAME)";
				SWIFT_VERSION = 5.0;
				TARGETED_DEVICE_FAMILY = "1,2";
			};
			name = Release;
		};
/* End XCBuildConfiguration section */

/* Begin XCConfigurationList section */
		8D7A91DA24E2A886008700BE /* Build configuration list for PBXProject "Tutorial-DragSwipeCard" */ = {
			isa = XCConfigurationList;
			buildConfigurations = (
				8D7A91F424E2A888008700BE /* Debug */,
				8D7A91F524E2A888008700BE /* Release */,
			);
			defaultConfigurationIsVisible = 0;
			defaultConfigurationName = Release;
		};
		8D7A91F624E2A888008700BE /* Build configuration list for PBXNativeTarget "Tutorial-DragSwipeCard" */ = {
			isa = XCConfigurationList;
			buildConfigurations = (
				8D7A91F724E2A888008700BE /* Debug */,
				8D7A91F824E2A888008700BE /* Release */,
			);
			defaultConfigurationIsVisible = 0;
			defaultConfigurationName = Release;
		};
/* End XCConfigurationList section */

/* Begin XCVersionGroup section */
		8D7A91E624E2A886008700BE /* Tutorial_DragSwipeCard.xcdatamodeld */ = {
			isa = XCVersionGroup;
			children = (
				8D7A91E724E2A886008700BE /* Tutorial_DragSwipeCard.xcdatamodel */,
			);
			currentVersion = 8D7A91E724E2A886008700BE /* Tutorial_DragSwipeCard.xcdatamodel */;
			path = Tutorial_DragSwipeCard.xcdatamodeld;
			sourceTree = "<group>";
			versionGroupType = wrapper.xcdatamodel;
		};
/* End XCVersionGroup section */
	};
	rootObject = 8D7A91D724E2A886008700BE /* Project object */;
}
